
Microsoft Visual Studio Solution File, Format Version 12.00
# Visual Studio Version 16
VisualStudioVersion = 16.0.30717.126
MinimumVisualStudioVersion = 10.0.40219.1
Project("{FAE04EC0-301F-11D3-BF4B-00C04F79EFBC}") = "TruthTableToGherkinTest", "TruthTableToGherkinTest\TruthTableToGherkinTest.csproj", "{1AAB5E0A-7665-42B3-8268-C879D73A7E34}"
EndProject
Global
	GlobalSection(SolutionConfigurationPlatforms) = preSolution
		Debug|Any CPU = Debug|Any CPU
		Release|Any CPU = Release|Any CPU
	EndGlobalSection
	GlobalSection(ProjectConfigurationPlatforms) = postSolution
		{1AAB5E0A-7665-42B3-8268-C879D73A7E34}.Debug|Any CPU.ActiveCfg = Debug|Any CPU
		{1AAB5E0A-7665-42B3-8268-C879D73A7E34}.Debug|Any CPU.Build.0 = Debug|Any CPU
		{1AAB5E0A-7665-42B3-8268-C879D73A7E34}.Release|Any CPU.ActiveCfg = Release|Any CPU
		{1AAB5E0A-7665-42B3-8268-C879D73A7E34}.Release|Any CPU.Build.0 = Release|Any CPU
	EndGlobalSection
	GlobalSection(SolutionProperties) = preSolution
		HideSolutionNode = FALSE
	EndGlobalSection
	GlobalSection(ExtensibilityGlobals) = postSolution
		SolutionGuid = {B59B2040-C818-4391-9FAC-A9FE4F3995C1}
	EndGlobalSection
EndGlobal
